
Microsoft Visual Studio Solution File, Format Version 12.00
# Visual Studio 15
VisualStudioVersion = 15.0.28307.1585
MinimumVisualStudioVersion = 10.0.40219.1
Project("{FAE04EC0-301F-11D3-BF4B-00C04F79EFBC}") = "AddHanger4PLZM", "AddHanger4PLZM\AddHanger4PLZM.csproj", "{55F2CDAF-C9F4-4615-A663-B3949C356991}"
EndProject
Global
	GlobalSection(SolutionConfigurationPlatforms) = preSolution
		Debug|Any CPU = Debug|Any CPU
		Release|Any CPU = Release|Any CPU
	EndGlobalSection
	GlobalSection(ProjectConfigurationPlatforms) = postSolution
		{55F2CDAF-C9F4-4615-A663-B3949C356991}.Debug|Any CPU.ActiveCfg = Debug|Any CPU
		{55F2CDAF-C9F4-4615-A663-B3949C356991}.Debug|Any CPU.Build.0 = Debug|Any CPU
		{55F2CDAF-C9F4-4615-A663-B3949C356991}.Release|Any CPU.ActiveCfg = Release|Any CPU
		{55F2CDAF-C9F4-4615-A663-B3949C356991}.Release|Any CPU.Build.0 = Release|Any CPU
	EndGlobalSection
	GlobalSection(SolutionProperties) = preSolution
		HideSolutionNode = FALSE
	EndGlobalSection
	GlobalSection(ExtensibilityGlobals) = postSolution
		SolutionGuid = {C4312D55-C07C-4149-9BBB-A038CD0BBC1E}
	EndGlobalSection
EndGlobal
