
Microsoft Visual Studio Solution File, Format Version 12.00
# Visual Studio Version 17
VisualStudioVersion = 17.6.33829.357
MinimumVisualStudioVersion = 10.0.40219.1
Project("{FAE04EC0-301F-11D3-BF4B-00C04F79EFBC}") = "ConvertToTianzheng", "ConvertToTianzheng\ConvertToTianzheng.csproj", "{20B58966-CB52-44FA-BC1D-19816BD2A07C}"
EndProject
Global
	GlobalSection(SolutionConfigurationPlatforms) = preSolution
		Debug|Any CPU = Debug|Any CPU
		Release|Any CPU = Release|Any CPU
	EndGlobalSection
	GlobalSection(ProjectConfigurationPlatforms) = postSolution
		{20B58966-CB52-44FA-BC1D-19816BD2A07C}.Debug|Any CPU.ActiveCfg = Debug|Any CPU
		{20B58966-CB52-44FA-BC1D-19816BD2A07C}.Debug|Any CPU.Build.0 = Debug|Any CPU
		{20B58966-CB52-44FA-BC1D-19816BD2A07C}.Release|Any CPU.ActiveCfg = Release|Any CPU
		{20B58966-CB52-44FA-BC1D-19816BD2A07C}.Release|Any CPU.Build.0 = Release|Any CPU
	EndGlobalSection
	GlobalSection(SolutionProperties) = preSolution
		HideSolutionNode = FALSE
	EndGlobalSection
	GlobalSection(ExtensibilityGlobals) = postSolution
		SolutionGuid = {84F049F5-54C8-48CB-BB85-597699DE0849}
	EndGlobalSection
EndGlobal
