
Microsoft Visual Studio Solution File, Format Version 12.00
# Visual Studio Version 17
VisualStudioVersion = 17.6.33829.357
MinimumVisualStudioVersion = 10.0.40219.1
Project("{FAE04EC0-301F-11D3-BF4B-00C04F79EFBC}") = "CalculatePipeLength", "CalculatePipeLength\CalculatePipeLength.csproj", "{E80FD208-D88E-4010-B64B-F15DFD198EAA}"
EndProject
Global
	GlobalSection(SolutionConfigurationPlatforms) = preSolution
		Debug|Any CPU = Debug|Any CPU
		Release|Any CPU = Release|Any CPU
	EndGlobalSection
	GlobalSection(ProjectConfigurationPlatforms) = postSolution
		{E80FD208-D88E-4010-B64B-F15DFD198EAA}.Debug|Any CPU.ActiveCfg = Debug|Any CPU
		{E80FD208-D88E-4010-B64B-F15DFD198EAA}.Debug|Any CPU.Build.0 = Debug|Any CPU
		{E80FD208-D88E-4010-B64B-F15DFD198EAA}.Release|Any CPU.ActiveCfg = Release|Any CPU
		{E80FD208-D88E-4010-B64B-F15DFD198EAA}.Release|Any CPU.Build.0 = Release|Any CPU
	EndGlobalSection
	GlobalSection(SolutionProperties) = preSolution
		HideSolutionNode = FALSE
	EndGlobalSection
	GlobalSection(ExtensibilityGlobals) = postSolution
		SolutionGuid = {59267212-5E00-4291-AFA8-A801203E2DF7}
	EndGlobalSection
EndGlobal
