
Microsoft Visual Studio Solution File, Format Version 12.00
# Visual Studio 2013
VisualStudioVersion = 12.0.21005.1
MinimumVisualStudioVersion = 10.0.40219.1
Project("{FAE04EC0-301F-11D3-BF4B-00C04F79EFBC}") = "TagHelper", "TagHelper\TagHelper.csproj", "{038ADF48-E29B-40A1-A365-DD5F6528550D}"
EndProject
Global
	GlobalSection(SolutionConfigurationPlatforms) = preSolution
		Debug|Any CPU = Debug|Any CPU
		Release|Any CPU = Release|Any CPU
	EndGlobalSection
	GlobalSection(ProjectConfigurationPlatforms) = postSolution
		{038ADF48-E29B-40A1-A365-DD5F6528550D}.Debug|Any CPU.ActiveCfg = Debug|Any CPU
		{038ADF48-E29B-40A1-A365-DD5F6528550D}.Debug|Any CPU.Build.0 = Debug|Any CPU
		{038ADF48-E29B-40A1-A365-DD5F6528550D}.Release|Any CPU.ActiveCfg = Release|Any CPU
		{038ADF48-E29B-40A1-A365-DD5F6528550D}.Release|Any CPU.Build.0 = Release|Any CPU
	EndGlobalSection
	GlobalSection(SolutionProperties) = preSolution
		HideSolutionNode = FALSE
	EndGlobalSection
EndGlobal
