
Microsoft Visual Studio Solution File, Format Version 12.00
# Visual Studio Version 17
VisualStudioVersion = 17.6.33829.357
MinimumVisualStudioVersion = 10.0.40219.1
Project("{FAE04EC0-301F-11D3-BF4B-00C04F79EFBC}") = "RevitUtils", "RevitUtils\RevitUtils.csproj", "{8B24C2CC-B96F-420B-A3F0-B170A0D1172A}"
EndProject
Global
	GlobalSection(SolutionConfigurationPlatforms) = preSolution
		Debug|Any CPU = Debug|Any CPU
		Release|Any CPU = Release|Any CPU
	EndGlobalSection
	GlobalSection(ProjectConfigurationPlatforms) = postSolution
		{8B24C2CC-B96F-420B-A3F0-B170A0D1172A}.Debug|Any CPU.ActiveCfg = Debug|Any CPU
		{8B24C2CC-B96F-420B-A3F0-B170A0D1172A}.Debug|Any CPU.Build.0 = Debug|Any CPU
		{8B24C2CC-B96F-420B-A3F0-B170A0D1172A}.Release|Any CPU.ActiveCfg = Release|Any CPU
		{8B24C2CC-B96F-420B-A3F0-B170A0D1172A}.Release|Any CPU.Build.0 = Release|Any CPU
	EndGlobalSection
	GlobalSection(SolutionProperties) = preSolution
		HideSolutionNode = FALSE
	EndGlobalSection
	GlobalSection(ExtensibilityGlobals) = postSolution
		SolutionGuid = {43ACC0D0-5BDD-4000-8825-CD168FCF3016}
	EndGlobalSection
EndGlobal
