
Microsoft Visual Studio Solution File, Format Version 12.00
# Visual Studio Version 17
VisualStudioVersion = 17.7.34009.444
MinimumVisualStudioVersion = 10.0.40219.1
Project("{FAE04EC0-301F-11D3-BF4B-00C04F79EFBC}") = "CreateMaskByHeight", "CreateMaskByHeight.csproj", "{F99F7CD9-E93C-4850-A998-B4F80CD49DE7}"
EndProject
Global
	GlobalSection(SolutionConfigurationPlatforms) = preSolution
		Debug|Any CPU = Debug|Any CPU
		Release|Any CPU = Release|Any CPU
	EndGlobalSection
	GlobalSection(ProjectConfigurationPlatforms) = postSolution
		{F99F7CD9-E93C-4850-A998-B4F80CD49DE7}.Debug|Any CPU.ActiveCfg = Debug|Any CPU
		{F99F7CD9-E93C-4850-A998-B4F80CD49DE7}.Debug|Any CPU.Build.0 = Debug|Any CPU
		{F99F7CD9-E93C-4850-A998-B4F80CD49DE7}.Release|Any CPU.ActiveCfg = Release|Any CPU
		{F99F7CD9-E93C-4850-A998-B4F80CD49DE7}.Release|Any CPU.Build.0 = Release|Any CPU
	EndGlobalSection
	GlobalSection(SolutionProperties) = preSolution
		HideSolutionNode = FALSE
	EndGlobalSection
	GlobalSection(ExtensibilityGlobals) = postSolution
		SolutionGuid = {C15A7D22-75A0-4F3A-ABB7-A00AB68075C2}
	EndGlobalSection
EndGlobal
