
Microsoft Visual Studio Solution File, Format Version 12.00
# Visual Studio Version 17
VisualStudioVersion = 17.6.33829.357
MinimumVisualStudioVersion = 10.0.40219.1
Project("{FAE04EC0-301F-11D3-BF4B-00C04F79EFBC}") = "CutInstance", "CutInstance\CutInstance.csproj", "{AD74FAF2-F411-4DFF-8FB3-79E6D9BF7E10}"
EndProject
Global
	GlobalSection(SolutionConfigurationPlatforms) = preSolution
		Debug|Any CPU = Debug|Any CPU
		Release|Any CPU = Release|Any CPU
	EndGlobalSection
	GlobalSection(ProjectConfigurationPlatforms) = postSolution
		{AD74FAF2-F411-4DFF-8FB3-79E6D9BF7E10}.Debug|Any CPU.ActiveCfg = Debug|Any CPU
		{AD74FAF2-F411-4DFF-8FB3-79E6D9BF7E10}.Debug|Any CPU.Build.0 = Debug|Any CPU
		{AD74FAF2-F411-4DFF-8FB3-79E6D9BF7E10}.Release|Any CPU.ActiveCfg = Release|Any CPU
		{AD74FAF2-F411-4DFF-8FB3-79E6D9BF7E10}.Release|Any CPU.Build.0 = Release|Any CPU
	EndGlobalSection
	GlobalSection(SolutionProperties) = preSolution
		HideSolutionNode = FALSE
	EndGlobalSection
	GlobalSection(ExtensibilityGlobals) = postSolution
		SolutionGuid = {3F014829-9C85-4449-A073-7F146FF3A3E1}
	EndGlobalSection
EndGlobal
