
Microsoft Visual Studio Solution File, Format Version 12.00
# Visual Studio Version 17
VisualStudioVersion = 17.6.33829.357
MinimumVisualStudioVersion = 10.0.40219.1
Project("{FAE04EC0-301F-11D3-BF4B-00C04F79EFBC}") = "AddHangerOrHangers", "AddHangerOrHangers\AddHangerOrHangers.csproj", "{351957CA-4F55-48F3-B082-98942B9C6BDA}"
EndProject
Global
	GlobalSection(SolutionConfigurationPlatforms) = preSolution
		Debug|Any CPU = Debug|Any CPU
		Release|Any CPU = Release|Any CPU
	EndGlobalSection
	GlobalSection(ProjectConfigurationPlatforms) = postSolution
		{351957CA-4F55-48F3-B082-98942B9C6BDA}.Debug|Any CPU.ActiveCfg = Debug|Any CPU
		{351957CA-4F55-48F3-B082-98942B9C6BDA}.Debug|Any CPU.Build.0 = Debug|Any CPU
		{351957CA-4F55-48F3-B082-98942B9C6BDA}.Release|Any CPU.ActiveCfg = Release|Any CPU
		{351957CA-4F55-48F3-B082-98942B9C6BDA}.Release|Any CPU.Build.0 = Release|Any CPU
	EndGlobalSection
	GlobalSection(SolutionProperties) = preSolution
		HideSolutionNode = FALSE
	EndGlobalSection
	GlobalSection(ExtensibilityGlobals) = postSolution
		SolutionGuid = {62535E6B-4DB1-4CEE-A602-D0AA20E775CA}
	EndGlobalSection
EndGlobal
