
Microsoft Visual Studio Solution File, Format Version 12.00
# Visual Studio Version 16
VisualStudioVersion = 16.0.29020.237
MinimumVisualStudioVersion = 10.0.40219.1
Project("{FAE04EC0-301F-11D3-BF4B-00C04F79EFBC}") = "MEP_AddSEblow", "MEP_AddSEblow\MEP_AddSEblow.csproj", "{1FF0E251-6C64-4916-B65C-4E44A2FF6E6F}"
EndProject
Global
	GlobalSection(SolutionConfigurationPlatforms) = preSolution
		Debug|Any CPU = Debug|Any CPU
		Release|Any CPU = Release|Any CPU
	EndGlobalSection
	GlobalSection(ProjectConfigurationPlatforms) = postSolution
		{1FF0E251-6C64-4916-B65C-4E44A2FF6E6F}.Debug|Any CPU.ActiveCfg = Debug|Any CPU
		{1FF0E251-6C64-4916-B65C-4E44A2FF6E6F}.Debug|Any CPU.Build.0 = Debug|Any CPU
		{1FF0E251-6C64-4916-B65C-4E44A2FF6E6F}.Release|Any CPU.ActiveCfg = Release|Any CPU
		{1FF0E251-6C64-4916-B65C-4E44A2FF6E6F}.Release|Any CPU.Build.0 = Release|Any CPU
	EndGlobalSection
	GlobalSection(SolutionProperties) = preSolution
		HideSolutionNode = FALSE
	EndGlobalSection
	GlobalSection(ExtensibilityGlobals) = postSolution
		SolutionGuid = {ADFBB01F-2295-4A9B-BA39-514FE8D739C9}
	EndGlobalSection
EndGlobal
