
Microsoft Visual Studio Solution File, Format Version 12.00
# Visual Studio Version 17
VisualStudioVersion = 17.6.33829.357
MinimumVisualStudioVersion = 10.0.40219.1
Project("{FAE04EC0-301F-11D3-BF4B-00C04F79EFBC}") = "HangerUpdate", "HangerUpdate\HangerUpdate.csproj", "{0B46649C-78EF-4956-898F-D797BB7F259C}"
EndProject
Global
	GlobalSection(SolutionConfigurationPlatforms) = preSolution
		Debug|Any CPU = Debug|Any CPU
		Release|Any CPU = Release|Any CPU
	EndGlobalSection
	GlobalSection(ProjectConfigurationPlatforms) = postSolution
		{0B46649C-78EF-4956-898F-D797BB7F259C}.Debug|Any CPU.ActiveCfg = Debug|Any CPU
		{0B46649C-78EF-4956-898F-D797BB7F259C}.Debug|Any CPU.Build.0 = Debug|Any CPU
		{0B46649C-78EF-4956-898F-D797BB7F259C}.Release|Any CPU.ActiveCfg = Release|Any CPU
		{0B46649C-78EF-4956-898F-D797BB7F259C}.Release|Any CPU.Build.0 = Release|Any CPU
	EndGlobalSection
	GlobalSection(SolutionProperties) = preSolution
		HideSolutionNode = FALSE
	EndGlobalSection
	GlobalSection(ExtensibilityGlobals) = postSolution
		SolutionGuid = {E722A3AD-D50E-43C4-BDC2-DD1E37E548EE}
	EndGlobalSection
EndGlobal
