
Microsoft Visual Studio Solution File, Format Version 12.00
# Visual Studio 2013
VisualStudioVersion = 12.0.21005.1
MinimumVisualStudioVersion = 10.0.40219.1
Project("{FAE04EC0-301F-11D3-BF4B-00C04F79EFBC}") = "MEP_OffsetPro", "MEP_OffsetPro\MEP_OffsetPro.csproj", "{FBD748D1-2607-4D46-AB9C-950F9E1382D8}"
EndProject
Global
	GlobalSection(SolutionConfigurationPlatforms) = preSolution
		Debug|Any CPU = Debug|Any CPU
		Release|Any CPU = Release|Any CPU
	EndGlobalSection
	GlobalSection(ProjectConfigurationPlatforms) = postSolution
		{FBD748D1-2607-4D46-AB9C-950F9E1382D8}.Debug|Any CPU.ActiveCfg = Debug|Any CPU
		{FBD748D1-2607-4D46-AB9C-950F9E1382D8}.Debug|Any CPU.Build.0 = Debug|Any CPU
		{FBD748D1-2607-4D46-AB9C-950F9E1382D8}.Release|Any CPU.ActiveCfg = Release|Any CPU
		{FBD748D1-2607-4D46-AB9C-950F9E1382D8}.Release|Any CPU.Build.0 = Release|Any CPU
	EndGlobalSection
	GlobalSection(SolutionProperties) = preSolution
		HideSolutionNode = FALSE
	EndGlobalSection
EndGlobal
