
Microsoft Visual Studio Solution File, Format Version 12.00
# Visual Studio Version 16
VisualStudioVersion = 16.0.29020.237
MinimumVisualStudioVersion = 10.0.40219.1
Project("{FAE04EC0-301F-11D3-BF4B-00C04F79EFBC}") = "MEP_VerticalLocation", "MEP_VerticalLocation\MEP_VerticalLocation.csproj", "{B2577134-0D2F-4144-841C-C36E4389E5F3}"
EndProject
Global
	GlobalSection(SolutionConfigurationPlatforms) = preSolution
		Debug|Any CPU = Debug|Any CPU
		Release|Any CPU = Release|Any CPU
	EndGlobalSection
	GlobalSection(ProjectConfigurationPlatforms) = postSolution
		{B2577134-0D2F-4144-841C-C36E4389E5F3}.Debug|Any CPU.ActiveCfg = Debug|Any CPU
		{B2577134-0D2F-4144-841C-C36E4389E5F3}.Debug|Any CPU.Build.0 = Debug|Any CPU
		{B2577134-0D2F-4144-841C-C36E4389E5F3}.Release|Any CPU.ActiveCfg = Release|Any CPU
		{B2577134-0D2F-4144-841C-C36E4389E5F3}.Release|Any CPU.Build.0 = Release|Any CPU
	EndGlobalSection
	GlobalSection(SolutionProperties) = preSolution
		HideSolutionNode = FALSE
	EndGlobalSection
	GlobalSection(ExtensibilityGlobals) = postSolution
		SolutionGuid = {0E5C4690-B812-4FCA-92AD-2365B48EC163}
	EndGlobalSection
EndGlobal
