
Microsoft Visual Studio Solution File, Format Version 12.00
# Visual Studio Version 17
VisualStudioVersion = 17.6.33829.357
MinimumVisualStudioVersion = 10.0.40219.1
Project("{FAE04EC0-301F-11D3-BF4B-00C04F79EFBC}") = "CreateDimensionsForVerticalPoleHanger", "CreateDimensionsForVerticalPoleHanger\CreateDimensionsForVerticalPoleHanger.csproj", "{AC9574C8-A08C-4AC9-89B9-F8BB2A0D09EA}"
EndProject
Global
	GlobalSection(SolutionConfigurationPlatforms) = preSolution
		Debug|Any CPU = Debug|Any CPU
		Release|Any CPU = Release|Any CPU
	EndGlobalSection
	GlobalSection(ProjectConfigurationPlatforms) = postSolution
		{AC9574C8-A08C-4AC9-89B9-F8BB2A0D09EA}.Debug|Any CPU.ActiveCfg = Debug|Any CPU
		{AC9574C8-A08C-4AC9-89B9-F8BB2A0D09EA}.Debug|Any CPU.Build.0 = Debug|Any CPU
		{AC9574C8-A08C-4AC9-89B9-F8BB2A0D09EA}.Release|Any CPU.ActiveCfg = Release|Any CPU
		{AC9574C8-A08C-4AC9-89B9-F8BB2A0D09EA}.Release|Any CPU.Build.0 = Release|Any CPU
	EndGlobalSection
	GlobalSection(SolutionProperties) = preSolution
		HideSolutionNode = FALSE
	EndGlobalSection
	GlobalSection(ExtensibilityGlobals) = postSolution
		SolutionGuid = {51035209-A12B-44A2-AF07-2A901F426CE0}
	EndGlobalSection
EndGlobal
