
Microsoft Visual Studio Solution File, Format Version 12.00
# Visual Studio Version 17
VisualStudioVersion = 17.6.33829.357
MinimumVisualStudioVersion = 10.0.40219.1
Project("{FAE04EC0-301F-11D3-BF4B-00C04F79EFBC}") = "ChangeDimensionText", "ChangeDimensionText\ChangeDimensionText.csproj", "{480BA8A8-A2B0-4CCA-8D09-68F351E81147}"
EndProject
Global
	GlobalSection(SolutionConfigurationPlatforms) = preSolution
		Debug|Any CPU = Debug|Any CPU
		Release|Any CPU = Release|Any CPU
	EndGlobalSection
	GlobalSection(ProjectConfigurationPlatforms) = postSolution
		{480BA8A8-A2B0-4CCA-8D09-68F351E81147}.Debug|Any CPU.ActiveCfg = Debug|Any CPU
		{480BA8A8-A2B0-4CCA-8D09-68F351E81147}.Debug|Any CPU.Build.0 = Debug|Any CPU
		{480BA8A8-A2B0-4CCA-8D09-68F351E81147}.Release|Any CPU.ActiveCfg = Release|Any CPU
		{480BA8A8-A2B0-4CCA-8D09-68F351E81147}.Release|Any CPU.Build.0 = Release|Any CPU
	EndGlobalSection
	GlobalSection(SolutionProperties) = preSolution
		HideSolutionNode = FALSE
	EndGlobalSection
	GlobalSection(ExtensibilityGlobals) = postSolution
		SolutionGuid = {64A68C42-A54D-481F-8851-9FC7E4B344D2}
	EndGlobalSection
EndGlobal
