
Microsoft Visual Studio Solution File, Format Version 12.00
# Visual Studio Version 17
VisualStudioVersion = 17.6.33829.357
MinimumVisualStudioVersion = 10.0.40219.1
Project("{FAE04EC0-301F-11D3-BF4B-00C04F79EFBC}") = "InspectionWellElevationAdjustment", "InspectionWellElevationAdjustment\InspectionWellElevationAdjustment.csproj", "{9D79B1B5-A119-43BD-81BC-D97D7B973DEE}"
EndProject
Global
	GlobalSection(SolutionConfigurationPlatforms) = preSolution
		Debug|Any CPU = Debug|Any CPU
		Release|Any CPU = Release|Any CPU
	EndGlobalSection
	GlobalSection(ProjectConfigurationPlatforms) = postSolution
		{9D79B1B5-A119-43BD-81BC-D97D7B973DEE}.Debug|Any CPU.ActiveCfg = Debug|Any CPU
		{9D79B1B5-A119-43BD-81BC-D97D7B973DEE}.Debug|Any CPU.Build.0 = Debug|Any CPU
		{9D79B1B5-A119-43BD-81BC-D97D7B973DEE}.Release|Any CPU.ActiveCfg = Release|Any CPU
		{9D79B1B5-A119-43BD-81BC-D97D7B973DEE}.Release|Any CPU.Build.0 = Release|Any CPU
	EndGlobalSection
	GlobalSection(SolutionProperties) = preSolution
		HideSolutionNode = FALSE
	EndGlobalSection
	GlobalSection(ExtensibilityGlobals) = postSolution
		SolutionGuid = {6E4B9DBC-2AA9-4656-9DCF-FB3FCD7D8991}
	EndGlobalSection
EndGlobal
