
Microsoft Visual Studio Solution File, Format Version 12.00
# Visual Studio Version 17
VisualStudioVersion = 17.6.33829.357
MinimumVisualStudioVersion = 10.0.40219.1
Project("{FAE04EC0-301F-11D3-BF4B-00C04F79EFBC}") = "ArrangeHangerAccordingToNozzle", "ArrangeHangerAccordingToNozzle\ArrangeHangerAccordingToNozzle.csproj", "{F5C5307F-7D8E-430E-A85E-FF5EE8C4BCF0}"
EndProject
Global
	GlobalSection(SolutionConfigurationPlatforms) = preSolution
		Debug|Any CPU = Debug|Any CPU
		Release|Any CPU = Release|Any CPU
	EndGlobalSection
	GlobalSection(ProjectConfigurationPlatforms) = postSolution
		{F5C5307F-7D8E-430E-A85E-FF5EE8C4BCF0}.Debug|Any CPU.ActiveCfg = Debug|Any CPU
		{F5C5307F-7D8E-430E-A85E-FF5EE8C4BCF0}.Debug|Any CPU.Build.0 = Debug|Any CPU
		{F5C5307F-7D8E-430E-A85E-FF5EE8C4BCF0}.Release|Any CPU.ActiveCfg = Release|Any CPU
		{F5C5307F-7D8E-430E-A85E-FF5EE8C4BCF0}.Release|Any CPU.Build.0 = Release|Any CPU
	EndGlobalSection
	GlobalSection(SolutionProperties) = preSolution
		HideSolutionNode = FALSE
	EndGlobalSection
	GlobalSection(ExtensibilityGlobals) = postSolution
		SolutionGuid = {D89C7087-2110-4DDC-A32C-4481E73B6F8C}
	EndGlobalSection
EndGlobal
