
Microsoft Visual Studio Solution File, Format Version 12.00
# Visual Studio Version 17
VisualStudioVersion = 17.6.33829.357
MinimumVisualStudioVersion = 10.0.40219.1
Project("{FAE04EC0-301F-11D3-BF4B-00C04F79EFBC}") = "MarkBothEndsOfTheRampPipeline", "MarkBothEndsOfTheRampPipeline\MarkBothEndsOfTheRampPipeline.csproj", "{82E178B7-CEF7-4427-9999-BF8B2EA0AB11}"
EndProject
Global
	GlobalSection(SolutionConfigurationPlatforms) = preSolution
		Debug|Any CPU = Debug|Any CPU
		Release|Any CPU = Release|Any CPU
	EndGlobalSection
	GlobalSection(ProjectConfigurationPlatforms) = postSolution
		{82E178B7-CEF7-4427-9999-BF8B2EA0AB11}.Debug|Any CPU.ActiveCfg = Debug|Any CPU
		{82E178B7-CEF7-4427-9999-BF8B2EA0AB11}.Debug|Any CPU.Build.0 = Debug|Any CPU
		{82E178B7-CEF7-4427-9999-BF8B2EA0AB11}.Release|Any CPU.ActiveCfg = Release|Any CPU
		{82E178B7-CEF7-4427-9999-BF8B2EA0AB11}.Release|Any CPU.Build.0 = Release|Any CPU
	EndGlobalSection
	GlobalSection(SolutionProperties) = preSolution
		HideSolutionNode = FALSE
	EndGlobalSection
	GlobalSection(ExtensibilityGlobals) = postSolution
		SolutionGuid = {76AA80CE-3FC2-4867-B135-EA1C8EAC8BA2}
	EndGlobalSection
EndGlobal
