
Microsoft Visual Studio Solution File, Format Version 12.00
# Visual Studio Version 17
VisualStudioVersion = 17.6.33829.357
MinimumVisualStudioVersion = 10.0.40219.1
Project("{FAE04EC0-301F-11D3-BF4B-00C04F79EFBC}") = "TextRecognitionInCAD", "TextRecognitionInCAD\TextRecognitionInCAD.csproj", "{2FA65ABE-CBBE-4373-BC9B-DEF2E9D297FC}"
EndProject
Global
	GlobalSection(SolutionConfigurationPlatforms) = preSolution
		Debug|Any CPU = Debug|Any CPU
		Release|Any CPU = Release|Any CPU
	EndGlobalSection
	GlobalSection(ProjectConfigurationPlatforms) = postSolution
		{2FA65ABE-CBBE-4373-BC9B-DEF2E9D297FC}.Debug|Any CPU.ActiveCfg = Debug|Any CPU
		{2FA65ABE-CBBE-4373-BC9B-DEF2E9D297FC}.Debug|Any CPU.Build.0 = Debug|Any CPU
		{2FA65ABE-CBBE-4373-BC9B-DEF2E9D297FC}.Release|Any CPU.ActiveCfg = Release|Any CPU
		{2FA65ABE-CBBE-4373-BC9B-DEF2E9D297FC}.Release|Any CPU.Build.0 = Release|Any CPU
	EndGlobalSection
	GlobalSection(SolutionProperties) = preSolution
		HideSolutionNode = FALSE
	EndGlobalSection
	GlobalSection(ExtensibilityGlobals) = postSolution
		SolutionGuid = {0B1E9930-3EDE-4A72-A4E0-17FACBFAEF4C}
	EndGlobalSection
EndGlobal
