
Microsoft Visual Studio Solution File, Format Version 12.00
# Visual Studio Version 17
VisualStudioVersion = 17.6.33829.357
MinimumVisualStudioVersion = 10.0.40219.1
Project("{FAE04EC0-301F-11D3-BF4B-00C04F79EFBC}") = "AddLightsAccordingToCAD", "AddLightsAccordingToCAD\AddLightsAccordingToCAD.csproj", "{6FCE25B7-220B-4640-B23E-6A16C910C8D2}"
EndProject
Global
	GlobalSection(SolutionConfigurationPlatforms) = preSolution
		Debug|Any CPU = Debug|Any CPU
		Release|Any CPU = Release|Any CPU
	EndGlobalSection
	GlobalSection(ProjectConfigurationPlatforms) = postSolution
		{6FCE25B7-220B-4640-B23E-6A16C910C8D2}.Debug|Any CPU.ActiveCfg = Debug|Any CPU
		{6FCE25B7-220B-4640-B23E-6A16C910C8D2}.Debug|Any CPU.Build.0 = Debug|Any CPU
		{6FCE25B7-220B-4640-B23E-6A16C910C8D2}.Release|Any CPU.ActiveCfg = Release|Any CPU
		{6FCE25B7-220B-4640-B23E-6A16C910C8D2}.Release|Any CPU.Build.0 = Release|Any CPU
	EndGlobalSection
	GlobalSection(SolutionProperties) = preSolution
		HideSolutionNode = FALSE
	EndGlobalSection
	GlobalSection(ExtensibilityGlobals) = postSolution
		SolutionGuid = {18B1D58E-2553-46C6-9CC8-A963577280ED}
	EndGlobalSection
EndGlobal
