
Microsoft Visual Studio Solution File, Format Version 12.00
# Visual Studio Version 17
VisualStudioVersion = 17.6.33829.357
MinimumVisualStudioVersion = 10.0.40219.1
Project("{FAE04EC0-301F-11D3-BF4B-00C04F79EFBC}") = "AddInfoBetweenPointLocation", "AddInfoBetweenPointLocation\AddInfoBetweenPointLocation.csproj", "{6B9DC9E2-FF4F-4342-8834-CF6DBD4A6F0B}"
EndProject
Global
	GlobalSection(SolutionConfigurationPlatforms) = preSolution
		Debug|Any CPU = Debug|Any CPU
		Release|Any CPU = Release|Any CPU
	EndGlobalSection
	GlobalSection(ProjectConfigurationPlatforms) = postSolution
		{6B9DC9E2-FF4F-4342-8834-CF6DBD4A6F0B}.Debug|Any CPU.ActiveCfg = Debug|Any CPU
		{6B9DC9E2-FF4F-4342-8834-CF6DBD4A6F0B}.Debug|Any CPU.Build.0 = Debug|Any CPU
		{6B9DC9E2-FF4F-4342-8834-CF6DBD4A6F0B}.Release|Any CPU.ActiveCfg = Release|Any CPU
		{6B9DC9E2-FF4F-4342-8834-CF6DBD4A6F0B}.Release|Any CPU.Build.0 = Release|Any CPU
	EndGlobalSection
	GlobalSection(SolutionProperties) = preSolution
		HideSolutionNode = FALSE
	EndGlobalSection
	GlobalSection(ExtensibilityGlobals) = postSolution
		SolutionGuid = {0DE6DC5E-9990-4BA6-BE0D-85A4ADB3F096}
	EndGlobalSection
EndGlobal
