
Microsoft Visual Studio Solution File, Format Version 12.00
# Visual Studio Version 17
VisualStudioVersion = 17.6.33829.357
MinimumVisualStudioVersion = 10.0.40219.1
Project("{FAE04EC0-301F-11D3-BF4B-00C04F79EFBC}") = "AttributeAssignmentOfConduitPath", "AttributeAssignmentOfConduitPath\AttributeAssignmentOfConduitPath.csproj", "{E00EC873-B9F5-4871-BE5B-7A52A4ECE4C0}"
EndProject
Global
	GlobalSection(SolutionConfigurationPlatforms) = preSolution
		Debug|Any CPU = Debug|Any CPU
		Release|Any CPU = Release|Any CPU
	EndGlobalSection
	GlobalSection(ProjectConfigurationPlatforms) = postSolution
		{E00EC873-B9F5-4871-BE5B-7A52A4ECE4C0}.Debug|Any CPU.ActiveCfg = Debug|Any CPU
		{E00EC873-B9F5-4871-BE5B-7A52A4ECE4C0}.Debug|Any CPU.Build.0 = Debug|Any CPU
		{E00EC873-B9F5-4871-BE5B-7A52A4ECE4C0}.Release|Any CPU.ActiveCfg = Release|Any CPU
		{E00EC873-B9F5-4871-BE5B-7A52A4ECE4C0}.Release|Any CPU.Build.0 = Release|Any CPU
	EndGlobalSection
	GlobalSection(SolutionProperties) = preSolution
		HideSolutionNode = FALSE
	EndGlobalSection
	GlobalSection(ExtensibilityGlobals) = postSolution
		SolutionGuid = {22FC013E-D21D-448D-990D-4AFBF824353E}
	EndGlobalSection
EndGlobal
